
Microsoft Visual Studio Solution File, Format Version 12.00
# Visual Studio 15
VisualStudioVersion = 15.0.27520.0
MinimumVisualStudioVersion = 10.0.40219.1
Project("{9A19103F-16F7-4668-BE54-9A1E7A4F7556}") = "TeamSupport.NET.SDK", "TeamSupport.NET.SDK\TeamSupport.NET.SDK.csproj", "{1B3CF7B9-B9E3-42B0-8E3F-6D0067731AAB}"
EndProject
Project("{9A19103F-16F7-4668-BE54-9A1E7A4F7556}") = "TeamSupport.NET.SDK.Tests", "TeamSupport.NET.SDK.Tests\TeamSupport.NET.SDK.Tests.csproj", "{D6A2B98C-AFCF-4D9D-B3B1-81C4161B1324}"
EndProject
Global
	GlobalSection(SolutionConfigurationPlatforms) = preSolution
		Debug|Any CPU = Debug|Any CPU
		Release|Any CPU = Release|Any CPU
	EndGlobalSection
	GlobalSection(ProjectConfigurationPlatforms) = postSolution
		{1B3CF7B9-B9E3-42B0-8E3F-6D0067731AAB}.Debug|Any CPU.ActiveCfg = Debug|Any CPU
		{1B3CF7B9-B9E3-42B0-8E3F-6D0067731AAB}.Debug|Any CPU.Build.0 = Debug|Any CPU
		{1B3CF7B9-B9E3-42B0-8E3F-6D0067731AAB}.Release|Any CPU.ActiveCfg = Release|Any CPU
		{1B3CF7B9-B9E3-42B0-8E3F-6D0067731AAB}.Release|Any CPU.Build.0 = Release|Any CPU
		{D6A2B98C-AFCF-4D9D-B3B1-81C4161B1324}.Debug|Any CPU.ActiveCfg = Debug|Any CPU
		{D6A2B98C-AFCF-4D9D-B3B1-81C4161B1324}.Debug|Any CPU.Build.0 = Debug|Any CPU
		{D6A2B98C-AFCF-4D9D-B3B1-81C4161B1324}.Release|Any CPU.ActiveCfg = Release|Any CPU
		{D6A2B98C-AFCF-4D9D-B3B1-81C4161B1324}.Release|Any CPU.Build.0 = Release|Any CPU
	EndGlobalSection
	GlobalSection(SolutionProperties) = preSolution
		HideSolutionNode = FALSE
	EndGlobalSection
	GlobalSection(ExtensibilityGlobals) = postSolution
		SolutionGuid = {CA69BF30-88E3-4545-9299-ACDA69D0E49B}
	EndGlobalSection
EndGlobal
